Microsoft Visual Studio Solution File, Format Version 12.00
# Visual Studio Version 17
VisualStudioVersion = 17.5.2.0
MinimumVisualStudioVersion = 10.0.40219.1
Project("{FAE04EC0-301F-11D3-BF4B-00C04F79EFBC}") = "TiendaApp", "TiendaApp\TiendaApp.csproj", "{9E9C8EB7-427D-7542-FE15-F2D90BE8DECE}"
EndProject
Global
	GlobalSection(SolutionConfigurationPlatforms) = preSolution
		Debug|Any CPU = Debug|Any CPU
		Release|Any CPU = Release|Any CPU
	EndGlobalSection
	GlobalSection(ProjectConfigurationPlatforms) = postSolution
		{9E9C8EB7-427D-7542-FE15-F2D90BE8DECE}.Debug|Any CPU.ActiveCfg = Debug|Any CPU
		{9E9C8EB7-427D-7542-FE15-F2D90BE8DECE}.Debug|Any CPU.Build.0 = Debug|Any CPU
		{9E9C8EB7-427D-7542-FE15-F2D90BE8DECE}.Release|Any CPU.ActiveCfg = Release|Any CPU
		{9E9C8EB7-427D-7542-FE15-F2D90BE8DECE}.Release|Any CPU.Build.0 = Release|Any CPU
	EndGlobalSection
	GlobalSection(SolutionProperties) = preSolution
		HideSolutionNode = FALSE
	EndGlobalSection
	GlobalSection(ExtensibilityGlobals) = postSolution
		SolutionGuid = {EACB2B05-82F2-4F08-A361-A594CB862DEE}
	EndGlobalSection
EndGlobal
